<?xml version="1.0" encoding="utf-8"?>
<Project ToolsVersion="4.0" xmlns="http://schemas.microsoft.com/developer/msbuild/2003">
  <ItemGroup>
    <Filter Include="Source Files">
      <UniqueIdentifier>{4FC737F1-C7A5-4376-A066-2A32D752A2FF}</UniqueIdentifier>
      <Extensions>cpp;c;cc;cxx;def;odl;idl;hpj;bat;asm;asmx</Extensions>
    </Filter>
    <Filter Include="Header Files">
      <UniqueIdentifier>{93995380-89BD-4b04-88EB-625FBE52EBFB}</UniqueIdentifier>
      <Extensions>h;hpp;hxx;hm;inl;inc;xsd</Extensions>
    </Filter>
    <Filter Include="Resource Files">
      <UniqueIdentifier>{67DA6AB6-F800-4c08-8B7A-83BB121AAD01}</UniqueIdentifier>
      <Extensions>rc;ico;cur;bmp;dlg;rc2;rct;bin;rgs;gif;jpg;jpeg;jpe;resx;tiff;tif;png;wav;mfcribbon-ms</Extensions>
    </Filter>
    <Filter Include="Test Scripts">
      <UniqueIdentifier>{de6d8aef-b206-4e83-aa64-033a46c0dae8}</UniqueIdentifier>
    </Filter>
  </ItemGroup>
  <ItemGroup>
    <ClCompile Include="src\Session.cpp">
      <Filter>Source Files</Filter>
    </ClCompile>
    <ClCompile Include="src\Publication.cpp">
      <Filter>Source Files</Filter>
    </ClCompile>
    <ClCompile Include="src\Subscription.cpp">
      <Filter>Source Files</Filter>
    </ClCompile>
    <ClCompile Include="src\Tervela.cpp">
      <Filter>Source Files</Filter>
    </ClCompile>
    <ClCompile Include="src\Replay.cpp">
      <Filter>Source Files</Filter>
    </ClCompile>
    <ClCompile Include="src\Session_Create.cpp">
      <Filter>Source Files</Filter>
    </ClCompile>
  </ItemGroup>
  <ItemGroup>
    <None Include="binding.gyp">
      <Filter>Resource Files</Filter>
    </None>
    <None Include="package.json">
      <Filter>Resource Files</Filter>
    </None>
    <None Include="wscript">
      <Filter>Resource Files</Filter>
    </None>
    <None Include="Readme.md">
      <Filter>Resource Files</Filter>
    </None>
    <None Include="examples\ping.js">
      <Filter>Test Scripts</Filter>
    </None>
    <None Include="examples\pub.js">
      <Filter>Test Scripts</Filter>
    </None>
    <None Include="examples\sub.js">
      <Filter>Test Scripts</Filter>
    </None>
    <None Include="examples\replay.js">
      <Filter>Test Scripts</Filter>
    </None>
    <None Include="test\ut_sync.js">
      <Filter>Test Scripts</Filter>
    </None>
    <None Include="test\ut_async.js">
      <Filter>Test Scripts</Filter>
    </None>
  </ItemGroup>
  <ItemGroup>
    <ClInclude Include="src\UvWorkerPool.h">
      <Filter>Header Files</Filter>
    </ClInclude>
    <ClInclude Include="src\DataTypes.h">
      <Filter>Header Files</Filter>
    </ClInclude>
    <ClInclude Include="src\Session.h">
      <Filter>Header Files</Filter>
    </ClInclude>
    <ClInclude Include="src\Publication.h">
      <Filter>Header Files</Filter>
    </ClInclude>
    <ClInclude Include="src\Subscription.h">
      <Filter>Header Files</Filter>
    </ClInclude>
    <ClInclude Include="src\Helpers.h">
      <Filter>Header Files</Filter>
    </ClInclude>
    <ClInclude Include="src\Replay.h">
      <Filter>Header Files</Filter>
    </ClInclude>
  </ItemGroup>
</Project>